{
  "originHash" : "68faa8a11187152c4b2b3bcd3f4d1b24ce79975fe7ab27c0c96f8b31f26c746f",
  "pins" : [
    {
      "identity" : "detaileddescription",
      "kind" : "remoteSourceControl",
      "location" : "https://github.com/Vaida12345/DetailedDescription.git",
      "state" : {
        "revision" : "199b2c999f0a85108dd2f61fb2b00fe2e13ccfc8",
        "version" : "2.2.0"
      }
    },
    {
      "identity" : "essentials",
      "kind" : "remoteSourceControl",
      "location" : "https://github.com/Vaida12345/Essentials.git",
      "state" : {
        "revision" : "d4c673cc5bd466d0cd2dd274a29141751b7d75de",
        "version" : "1.2.1"
      }
    },
    {
      "identity" : "finderitem",
      "kind" : "remoteSourceControl",
      "location" : "https://github.com/Vaida12345/FinderItem.git",
      "state" : {
        "revision" : "6b1b16f440d10bf6107171b7045c33da5c3f5fa2",
        "version" : "2.2.1"
      }
    }
  ],
  "version" : 3
}
