{
  "originHash" : "b4c5c79b3de983c2a0bcb2f639a8b831edf1270fa811a41d82526d6824fab882",
  "pins" : [
    {
      "identity" : "detaileddescription",
      "kind" : "remoteSourceControl",
      "location" : "https://github.com/Vaida12345/DetailedDescription.git",
      "state" : {
        "revision" : "d4ae923e6cc5dadc7219d54cbf31912889f7bf33",
        "version" : "2.1.1"
      }
    },
    {
      "identity" : "essentials",
      "kind" : "remoteSourceControl",
      "location" : "https://github.com/Vaida12345/Essentials.git",
      "state" : {
        "revision" : "b3d27eadb8486dd5047e71700818d35a9803a798",
        "version" : "1.1.6"
      }
    },
    {
      "identity" : "finderitem",
      "kind" : "remoteSourceControl",
      "location" : "https://github.com/Vaida12345/FinderItem.git",
      "state" : {
        "revision" : "5456f831e325313a44814e5b19beafd434b12b7f",
        "version" : "1.2.4"
      }
    }
  ],
  "version" : 3
}
