{
  "originHash" : "d33e9a766944b658489bdf59a29c3043b903f30d7d4babe5b655e0a474bdfffc",
  "pins" : [
    {
      "identity" : "detaileddescription",
      "kind" : "remoteSourceControl",
      "location" : "https://www.github.com/Vaida12345/DetailedDescription",
      "state" : {
        "revision" : "bee1e194bde199abc091b0420ec928bdcffdb3fb",
        "version" : "2.0.5"
      }
    },
    {
      "identity" : "essentials",
      "kind" : "remoteSourceControl",
      "location" : "https://www.github.com/Vaida12345/Essentials",
      "state" : {
        "revision" : "244f4554b088a49262d81517e41601d3ba81af09",
        "version" : "1.0.42"
      }
    },
    {
      "identity" : "finderitem",
      "kind" : "remoteSourceControl",
      "location" : "https://www.github.com/Vaida12345/FinderItem",
      "state" : {
        "revision" : "6c31b88e3fa2539f35289cb8ef705fc45adc7ed9",
        "version" : "1.0.14"
      }
    }
  ],
  "version" : 3
}
